
Microsoft Visual Studio Solution File, Format Version 12.00
# Visual Studio 15
VisualStudioVersion = 15.0.26228.10
MinimumVisualStudioVersion = 10.0.40219.1
Project("{2150E333-8FDC-42A3-9474-1A3956D46DE8}") = "Solution Items", "Solution Items", "{E114F861-AB92-4507-8DD6-09DFDCDA5D22}"
	ProjectSection(SolutionItems) = preProject
		..\headers\dummies.h = ..\headers\dummies.h
		..\headers\glfw3.h = ..\headers\glfw3.h
		..\misc\JoystickMacros.txt = ..\misc\JoystickMacros.txt
		..\misc\KeyMacros.txt = ..\misc\KeyMacros.txt
		..\misc\MouseMacros.txt = ..\misc\MouseMacros.txt
		..\misc\State.txt = ..\misc\State.txt
		..\misc\Version.txt = ..\misc\Version.txt
	EndProjectSection
EndProject
Project("{f2a71f9b-5d33-465a-a702-920d77279786}") = "Generator", "GeneratorBindingGLFW\Generator\Generator.fsproj", "{B89AA8F4-7FBB-451E-83D5-ED3302687DEB}"
EndProject
Project("{FAE04EC0-301F-11D3-BF4B-00C04F79EFBC}") = "WrapperGLFW", "WrapperGLFW\WrapperGLFW.csproj", "{A19719C6-7A52-4D50-B7BF-1B88577CF9D7}"
EndProject
Global
	GlobalSection(SolutionConfigurationPlatforms) = preSolution
		Debug|Any CPU = Debug|Any CPU
		Release|Any CPU = Release|Any CPU
	EndGlobalSection
	GlobalSection(ProjectConfigurationPlatforms) = postSolution
		{B89AA8F4-7FBB-451E-83D5-ED3302687DEB}.Debug|Any CPU.ActiveCfg = Debug|Any CPU
		{B89AA8F4-7FBB-451E-83D5-ED3302687DEB}.Debug|Any CPU.Build.0 = Debug|Any CPU
		{B89AA8F4-7FBB-451E-83D5-ED3302687DEB}.Release|Any CPU.ActiveCfg = Release|Any CPU
		{B89AA8F4-7FBB-451E-83D5-ED3302687DEB}.Release|Any CPU.Build.0 = Release|Any CPU
		{A19719C6-7A52-4D50-B7BF-1B88577CF9D7}.Debug|Any CPU.ActiveCfg = Debug|Any CPU
		{A19719C6-7A52-4D50-B7BF-1B88577CF9D7}.Debug|Any CPU.Build.0 = Debug|Any CPU
		{A19719C6-7A52-4D50-B7BF-1B88577CF9D7}.Release|Any CPU.ActiveCfg = Release|Any CPU
		{A19719C6-7A52-4D50-B7BF-1B88577CF9D7}.Release|Any CPU.Build.0 = Release|Any CPU
	EndGlobalSection
	GlobalSection(SolutionProperties) = preSolution
		HideSolutionNode = FALSE
	EndGlobalSection
EndGlobal
