
Microsoft Visual Studio Solution File, Format Version 12.00
# Visual Studio 15
VisualStudioVersion = 15.0.26228.9
MinimumVisualStudioVersion = 10.0.40219.1
Project("{F2A71F9B-5D33-465A-A702-920D77279786}") = "TestVulkan", "TestVulkan\TestVulkan.fsproj", "{2FB6C5A6-FBCE-4E98-9883-F5A28F8EC4AF}"
EndProject
Global
	GlobalSection(SolutionConfigurationPlatforms) = preSolution
		Debug|Any CPU = Debug|Any CPU
		Release|Any CPU = Release|Any CPU
	EndGlobalSection
	GlobalSection(ProjectConfigurationPlatforms) = postSolution
		{2FB6C5A6-FBCE-4E98-9883-F5A28F8EC4AF}.Debug|Any CPU.ActiveCfg = Debug|Any CPU
		{2FB6C5A6-FBCE-4E98-9883-F5A28F8EC4AF}.Debug|Any CPU.Build.0 = Debug|Any CPU
		{2FB6C5A6-FBCE-4E98-9883-F5A28F8EC4AF}.Release|Any CPU.ActiveCfg = Release|Any CPU
		{2FB6C5A6-FBCE-4E98-9883-F5A28F8EC4AF}.Release|Any CPU.Build.0 = Release|Any CPU
	EndGlobalSection
	GlobalSection(SolutionProperties) = preSolution
		HideSolutionNode = FALSE
	EndGlobalSection
EndGlobal
